
Microsoft Visual Studio Solution File, Format Version 12.00
# Visual Studio Version 17
VisualStudioVersion = 17.12.35707.178
MinimumVisualStudioVersion = 10.0.40219.1
Project("{FAE04EC0-301F-11D3-BF4B-00C04F79EFBC}") = "1067", "Trabalho06325\1067.csproj", "{EE3B7860-1700-4426-BBD0-AE88C97EE47B}"
EndProject
Project("{FAE04EC0-301F-11D3-BF4B-00C04F79EFBC}") = "1071", "1071\1071.csproj", "{56A8C6FA-C459-4EC7-AE3B-85351EEAD7DF}"
EndProject
Project("{FAE04EC0-301F-11D3-BF4B-00C04F79EFBC}") = "1144", "1144\1144.csproj", "{0AF823FE-7D10-4BA1-A831-89587FC6CC9A}"
EndProject
Project("{FAE04EC0-301F-11D3-BF4B-00C04F79EFBC}") = "1072", "1072\1072.csproj", "{2088F408-E831-4887-B1C0-D2B661AF10C3}"
EndProject
Project("{FAE04EC0-301F-11D3-BF4B-00C04F79EFBC}") = "1073", "1073\1073.csproj", "{490A8741-3457-4FCD-AB63-7DE8A65FEF5B}"
EndProject
Project("{FAE04EC0-301F-11D3-BF4B-00C04F79EFBC}") = "1074", "1074\1074.csproj", "{54F2E607-9A05-4116-92D3-02CAE1EDEA2F}"
EndProject
Project("{FAE04EC0-301F-11D3-BF4B-00C04F79EFBC}") = "1075", "1075\1075.csproj", "{091DE62F-6F3A-4334-BEFA-1107EEF2753C}"
EndProject
Project("{FAE04EC0-301F-11D3-BF4B-00C04F79EFBC}") = "1079", "1079\1079.csproj", "{183CD251-F695-4D09-8050-84614F2ACC2B}"
EndProject
Project("{FAE04EC0-301F-11D3-BF4B-00C04F79EFBC}") = "1080", "1080\1080.csproj", "{2A69D263-1704-4FF2-A77A-FDA7D986543E}"
EndProject
Project("{FAE04EC0-301F-11D3-BF4B-00C04F79EFBC}") = "1094", "1094\1094.csproj", "{56AFFC09-703F-44CB-B961-E110B8CB6B74}"
EndProject
Project("{FAE04EC0-301F-11D3-BF4B-00C04F79EFBC}") = "1096", "1096\1096.csproj", "{36F1A6B5-44E5-4611-819C-74299DF2DC41}"
EndProject
Project("{FAE04EC0-301F-11D3-BF4B-00C04F79EFBC}") = "1097", "1097\1097.csproj", "{FAC77128-6666-4367-A2E1-868A91721C3B}"
EndProject
Project("{FAE04EC0-301F-11D3-BF4B-00C04F79EFBC}") = "1116", "1116\1116.csproj", "{66B94FC4-783F-461B-928B-EFE60CED42C4}"
EndProject
Global
	GlobalSection(SolutionConfigurationPlatforms) = preSolution
		Debug|Any CPU = Debug|Any CPU
		Release|Any CPU = Release|Any CPU
	EndGlobalSection
	GlobalSection(ProjectConfigurationPlatforms) = postSolution
		{EE3B7860-1700-4426-BBD0-AE88C97EE47B}.Debug|Any CPU.ActiveCfg = Debug|Any CPU
		{EE3B7860-1700-4426-BBD0-AE88C97EE47B}.Debug|Any CPU.Build.0 = Debug|Any CPU
		{EE3B7860-1700-4426-BBD0-AE88C97EE47B}.Release|Any CPU.ActiveCfg = Release|Any CPU
		{EE3B7860-1700-4426-BBD0-AE88C97EE47B}.Release|Any CPU.Build.0 = Release|Any CPU
		{56A8C6FA-C459-4EC7-AE3B-85351EEAD7DF}.Debug|Any CPU.ActiveCfg = Debug|Any CPU
		{56A8C6FA-C459-4EC7-AE3B-85351EEAD7DF}.Debug|Any CPU.Build.0 = Debug|Any CPU
		{56A8C6FA-C459-4EC7-AE3B-85351EEAD7DF}.Release|Any CPU.ActiveCfg = Release|Any CPU
		{56A8C6FA-C459-4EC7-AE3B-85351EEAD7DF}.Release|Any CPU.Build.0 = Release|Any CPU
		{0AF823FE-7D10-4BA1-A831-89587FC6CC9A}.Debug|Any CPU.ActiveCfg = Debug|Any CPU
		{0AF823FE-7D10-4BA1-A831-89587FC6CC9A}.Debug|Any CPU.Build.0 = Debug|Any CPU
		{0AF823FE-7D10-4BA1-A831-89587FC6CC9A}.Release|Any CPU.ActiveCfg = Release|Any CPU
		{0AF823FE-7D10-4BA1-A831-89587FC6CC9A}.Release|Any CPU.Build.0 = Release|Any CPU
		{2088F408-E831-4887-B1C0-D2B661AF10C3}.Debug|Any CPU.ActiveCfg = Debug|Any CPU
		{2088F408-E831-4887-B1C0-D2B661AF10C3}.Debug|Any CPU.Build.0 = Debug|Any CPU
		{2088F408-E831-4887-B1C0-D2B661AF10C3}.Release|Any CPU.ActiveCfg = Release|Any CPU
		{2088F408-E831-4887-B1C0-D2B661AF10C3}.Release|Any CPU.Build.0 = Release|Any CPU
		{490A8741-3457-4FCD-AB63-7DE8A65FEF5B}.Debug|Any CPU.ActiveCfg = Debug|Any CPU
		{490A8741-3457-4FCD-AB63-7DE8A65FEF5B}.Debug|Any CPU.Build.0 = Debug|Any CPU
		{490A8741-3457-4FCD-AB63-7DE8A65FEF5B}.Release|Any CPU.ActiveCfg = Release|Any CPU
		{490A8741-3457-4FCD-AB63-7DE8A65FEF5B}.Release|Any CPU.Build.0 = Release|Any CPU
		{54F2E607-9A05-4116-92D3-02CAE1EDEA2F}.Debug|Any CPU.ActiveCfg = Debug|Any CPU
		{54F2E607-9A05-4116-92D3-02CAE1EDEA2F}.Debug|Any CPU.Build.0 = Debug|Any CPU
		{54F2E607-9A05-4116-92D3-02CAE1EDEA2F}.Release|Any CPU.ActiveCfg = Release|Any CPU
		{54F2E607-9A05-4116-92D3-02CAE1EDEA2F}.Release|Any CPU.Build.0 = Release|Any CPU
		{091DE62F-6F3A-4334-BEFA-1107EEF2753C}.Debug|Any CPU.ActiveCfg = Debug|Any CPU
		{091DE62F-6F3A-4334-BEFA-1107EEF2753C}.Debug|Any CPU.Build.0 = Debug|Any CPU
		{091DE62F-6F3A-4334-BEFA-1107EEF2753C}.Release|Any CPU.ActiveCfg = Release|Any CPU
		{091DE62F-6F3A-4334-BEFA-1107EEF2753C}.Release|Any CPU.Build.0 = Release|Any CPU
		{183CD251-F695-4D09-8050-84614F2ACC2B}.Debug|Any CPU.ActiveCfg = Debug|Any CPU
		{183CD251-F695-4D09-8050-84614F2ACC2B}.Debug|Any CPU.Build.0 = Debug|Any CPU
		{183CD251-F695-4D09-8050-84614F2ACC2B}.Release|Any CPU.ActiveCfg = Release|Any CPU
		{183CD251-F695-4D09-8050-84614F2ACC2B}.Release|Any CPU.Build.0 = Release|Any CPU
		{2A69D263-1704-4FF2-A77A-FDA7D986543E}.Debug|Any CPU.ActiveCfg = Debug|Any CPU
		{2A69D263-1704-4FF2-A77A-FDA7D986543E}.Debug|Any CPU.Build.0 = Debug|Any CPU
		{2A69D263-1704-4FF2-A77A-FDA7D986543E}.Release|Any CPU.ActiveCfg = Release|Any CPU
		{2A69D263-1704-4FF2-A77A-FDA7D986543E}.Release|Any CPU.Build.0 = Release|Any CPU
		{56AFFC09-703F-44CB-B961-E110B8CB6B74}.Debug|Any CPU.ActiveCfg = Debug|Any CPU
		{56AFFC09-703F-44CB-B961-E110B8CB6B74}.Debug|Any CPU.Build.0 = Debug|Any CPU
		{56AFFC09-703F-44CB-B961-E110B8CB6B74}.Release|Any CPU.ActiveCfg = Release|Any CPU
		{56AFFC09-703F-44CB-B961-E110B8CB6B74}.Release|Any CPU.Build.0 = Release|Any CPU
		{36F1A6B5-44E5-4611-819C-74299DF2DC41}.Debug|Any CPU.ActiveCfg = Debug|Any CPU
		{36F1A6B5-44E5-4611-819C-74299DF2DC41}.Debug|Any CPU.Build.0 = Debug|Any CPU
		{36F1A6B5-44E5-4611-819C-74299DF2DC41}.Release|Any CPU.ActiveCfg = Release|Any CPU
		{36F1A6B5-44E5-4611-819C-74299DF2DC41}.Release|Any CPU.Build.0 = Release|Any CPU
		{FAC77128-6666-4367-A2E1-868A91721C3B}.Debug|Any CPU.ActiveCfg = Debug|Any CPU
		{FAC77128-6666-4367-A2E1-868A91721C3B}.Debug|Any CPU.Build.0 = Debug|Any CPU
		{FAC77128-6666-4367-A2E1-868A91721C3B}.Release|Any CPU.ActiveCfg = Release|Any CPU
		{FAC77128-6666-4367-A2E1-868A91721C3B}.Release|Any CPU.Build.0 = Release|Any CPU
		{66B94FC4-783F-461B-928B-EFE60CED42C4}.Debug|Any CPU.ActiveCfg = Debug|Any CPU
		{66B94FC4-783F-461B-928B-EFE60CED42C4}.Debug|Any CPU.Build.0 = Debug|Any CPU
		{66B94FC4-783F-461B-928B-EFE60CED42C4}.Release|Any CPU.ActiveCfg = Release|Any CPU
		{66B94FC4-783F-461B-928B-EFE60CED42C4}.Release|Any CPU.Build.0 = Release|Any CPU
	EndGlobalSection
	GlobalSection(SolutionProperties) = preSolution
		HideSolutionNode = FALSE
	EndGlobalSection
	GlobalSection(ExtensibilityGlobals) = postSolution
		SolutionGuid = {F7290331-EE67-4AEC-AE86-BF912DFB9806}
	EndGlobalSection
EndGlobal
